// !$*UTF8*$!
{
	archiveVersion = 1;
	classes = {
	};
	objectVersion = 56;
	objects = {

/* Begin PBXBuildFile section */
		100D02EF2C7A874A006A5C1B /* AppDelegate.swift in Sources */ = {isa = PBXBuildFile; fileRef = 100D02EE2C7A874A006A5C1B /* AppDelegate.swift */; };
		100D02F22C7A8791006A5C1B /* PermissionsManager.swift in Sources */ = {isa = PBXBuildFile; fileRef = 100D02F12C7A8791006A5C1B /* PermissionsManager.swift */; };
		100D02F42C7A8B30006A5C1B /* AudioManager.swift in Sources */ = {isa = PBXBuildFile; fileRef = 100D02F32C7A8B30006A5C1B /* AudioManager.swift */; };
		100D02F62C7A8BCA006A5C1B /* EventManager.swift in Sources */ = {isa = PBXBuildFile; fileRef = 100D02F52C7A8BCA006A5C1B /* EventManager.swift */; };
		100E085F2C95A65F00F0DEA6 /* NotificationsManager.swift in Sources */ = {isa = PBXBuildFile; fileRef = 100E085E2C95A65F00F0DEA6 /* NotificationsManager.swift */; };
		10174E7F2C7B4AB700A6AEE6 /* MenuBarView.swift in Sources */ = {isa = PBXBuildFile; fileRef = 10174E7E2C7B4AB700A6AEE6 /* MenuBarView.swift */; };
		10174E812C7BA50B00A6AEE6 /* SettingsView.swift in Sources */ = {isa = PBXBuildFile; fileRef = 10174E802C7BA50B00A6AEE6 /* SettingsView.swift */; };
		10174E842C7BB00B00A6AEE6 /* SettingsToggle.swift in Sources */ = {isa = PBXBuildFile; fileRef = 10174E832C7BB00B00A6AEE6 /* SettingsToggle.swift */; };
		10A636E02C7C6B4000C2EA12 /* SettingsAccess in Frameworks */ = {isa = PBXBuildFile; productRef = 10A636DF2C7C6B4000C2EA12 /* SettingsAccess */; };
		10A636E32C7C7E5C00C2EA12 /* VolumePreset.swift in Sources */ = {isa = PBXBuildFile; fileRef = 10A636E22C7C7E5C00C2EA12 /* VolumePreset.swift */; };
		10A637362C7D1B9D00C2EA12 /* ToogleIntent.swift in Sources */ = {isa = PBXBuildFile; fileRef = 10A637352C7D1B9D00C2EA12 /* ToogleIntent.swift */; };
		10A6373A2C7D23C600C2EA12 /* SoundpackIntent.swift in Sources */ = {isa = PBXBuildFile; fileRef = 10A637392C7D23C600C2EA12 /* SoundpackIntent.swift */; };
		10A6373E2C7D279200C2EA12 /* VolumePresetIntent.swift in Sources */ = {isa = PBXBuildFile; fileRef = 10A6373D2C7D279200C2EA12 /* VolumePresetIntent.swift */; };
		10A637402C7D2AD800C2EA12 /* GetStatusIntent.swift in Sources */ = {isa = PBXBuildFile; fileRef = 10A6373F2C7D2AD800C2EA12 /* GetStatusIntent.swift */; };
		10BAAC052C8C5F660024E3E0 /* KeyboardShortcuts in Frameworks */ = {isa = PBXBuildFile; productRef = 10BAAC042C8C5F660024E3E0 /* KeyboardShortcuts */; };
		10BAAC072C8C5F920024E3E0 /* KeyboardShortcuts.swift in Sources */ = {isa = PBXBuildFile; fileRef = 10BAAC062C8C5F920024E3E0 /* KeyboardShortcuts.swift */; };
		10BAAC092C8C5FC20024E3E0 /* SettingsShortcutRecorder.swift in Sources */ = {isa = PBXBuildFile; fileRef = 10BAAC082C8C5FC20024E3E0 /* SettingsShortcutRecorder.swift */; };
		10D244392C87463E00D99C0C /* SettingsSlider.swift in Sources */ = {isa = PBXBuildFile; fileRef = 10D244382C87463E00D99C0C /* SettingsSlider.swift */; };
		10D2443B2C87515000D99C0C /* CustomVolumeIntent.swift in Sources */ = {isa = PBXBuildFile; fileRef = 10D2443A2C87515000D99C0C /* CustomVolumeIntent.swift */; };
		10E356492C77D29100F15BA5 /* OggDecoder in Frameworks */ = {isa = PBXBuildFile; productRef = 10E356482C77D29100F15BA5 /* OggDecoder */; };
		10E3564C2C789A3000F15BA5 /* eg-oreo.ogg in Resources */ = {isa = PBXBuildFile; fileRef = 10E3564B2C789A3000F15BA5 /* eg-oreo.ogg */; };
		10E3564E2C789A5F00F15BA5 /* eg-oreo.json in Resources */ = {isa = PBXBuildFile; fileRef = 10E3564D2C789A5F00F15BA5 /* eg-oreo.json */; };
		10E356512C789DC000F15BA5 /* Defaults in Frameworks */ = {isa = PBXBuildFile; productRef = 10E356502C789DC000F15BA5 /* Defaults */; };
		10E356542C789E0800F15BA5 /* Defaults.swift in Sources */ = {isa = PBXBuildFile; fileRef = 10E356532C789E0800F15BA5 /* Defaults.swift */; };
		10FA0F232C7627D90056919B /* ClickApp.swift in Sources */ = {isa = PBXBuildFile; fileRef = 10FA0F222C7627D90056919B /* ClickApp.swift */; };
		10FA0F252C7627D90056919B /* ContentView.swift in Sources */ = {isa = PBXBuildFile; fileRef = 10FA0F242C7627D90056919B /* ContentView.swift */; };
		10FA0F272C7627DA0056919B /* Assets.xcassets in Resources */ = {isa = PBXBuildFile; fileRef = 10FA0F262C7627DA0056919B /* Assets.xcassets */; };
		10FA0F2A2C7627DA0056919B /* Preview Assets.xcassets in Resources */ = {isa = PBXBuildFile; fileRef = 10FA0F292C7627DA0056919B /* Preview Assets.xcassets */; };
		10FA0F322C762CD50056919B /* PermissionsView.swift in Sources */ = {isa = PBXBuildFile; fileRef = 10FA0F312C762CD50056919B /* PermissionsView.swift */; };
		10FA0F362C76414F0056919B /* AppState.swift in Sources */ = {isa = PBXBuildFile; fileRef = 10FA0F352C76414F0056919B /* AppState.swift */; };
		10FA0F392C7696DF0056919B /* Soundpack.swift in Sources */ = {isa = PBXBuildFile; fileRef = 10FA0F382C7696DF0056919B /* Soundpack.swift */; };
		10FB43602C76A3D3000685E8 /* eg-crysyal-purple.json in Resources */ = {isa = PBXBuildFile; fileRef = 10FB435D2C76A3D3000685E8 /* eg-crysyal-purple.json */; };
		10FB43702C77309A000685E8 /* eg-crysyal-purple.ogg in Resources */ = {isa = PBXBuildFile; fileRef = 10FB436F2C77309A000685E8 /* eg-crysyal-purple.ogg */; };
/* End PBXBuildFile section */

/* Begin PBXFileReference section */
		100D02EE2C7A874A006A5C1B /* AppDelegate.swift */ = {isa = PBXFileReference; lastKnownFileType = sourcecode.swift; path = AppDelegate.swift; sourceTree = "<group>"; };
		100D02F12C7A8791006A5C1B /* PermissionsManager.swift */ = {isa = PBXFileReference; lastKnownFileType = sourcecode.swift; path = PermissionsManager.swift; sourceTree = "<group>"; };
		100D02F32C7A8B30006A5C1B /* AudioManager.swift */ = {isa = PBXFileReference; lastKnownFileType = sourcecode.swift; path = AudioManager.swift; sourceTree = "<group>"; };
		100D02F52C7A8BCA006A5C1B /* EventManager.swift */ = {isa = PBXFileReference; lastKnownFileType = sourcecode.swift; path = EventManager.swift; sourceTree = "<group>"; };
		100E085E2C95A65F00F0DEA6 /* NotificationsManager.swift */ = {isa = PBXFileReference; lastKnownFileType = sourcecode.swift; path = NotificationsManager.swift; sourceTree = "<group>"; };
		10174E7E2C7B4AB700A6AEE6 /* MenuBarView.swift */ = {isa = PBXFileReference; lastKnownFileType = sourcecode.swift; path = MenuBarView.swift; sourceTree = "<group>"; };
		10174E802C7BA50B00A6AEE6 /* SettingsView.swift */ = {isa = PBXFileReference; lastKnownFileType = sourcecode.swift; path = SettingsView.swift; sourceTree = "<group>"; };
		10174E832C7BB00B00A6AEE6 /* SettingsToggle.swift */ = {isa = PBXFileReference; lastKnownFileType = sourcecode.swift; path = SettingsToggle.swift; sourceTree = "<group>"; };
		10A636E22C7C7E5C00C2EA12 /* VolumePreset.swift */ = {isa = PBXFileReference; lastKnownFileType = sourcecode.swift; path = VolumePreset.swift; sourceTree = "<group>"; };
		10A637352C7D1B9D00C2EA12 /* ToogleIntent.swift */ = {isa = PBXFileReference; lastKnownFileType = sourcecode.swift; path = ToogleIntent.swift; sourceTree = "<group>"; };
		10A637392C7D23C600C2EA12 /* SoundpackIntent.swift */ = {isa = PBXFileReference; lastKnownFileType = sourcecode.swift; path = SoundpackIntent.swift; sourceTree = "<group>"; };
		10A6373D2C7D279200C2EA12 /* VolumePresetIntent.swift */ = {isa = PBXFileReference; lastKnownFileType = sourcecode.swift; path = VolumePresetIntent.swift; sourceTree = "<group>"; };
		10A6373F2C7D2AD800C2EA12 /* GetStatusIntent.swift */ = {isa = PBXFileReference; lastKnownFileType = sourcecode.swift; path = GetStatusIntent.swift; sourceTree = "<group>"; };
		10BAAC062C8C5F920024E3E0 /* KeyboardShortcuts.swift */ = {isa = PBXFileReference; lastKnownFileType = sourcecode.swift; path = KeyboardShortcuts.swift; sourceTree = "<group>"; };
		10BAAC082C8C5FC20024E3E0 /* SettingsShortcutRecorder.swift */ = {isa = PBXFileReference; lastKnownFileType = sourcecode.swift; path = SettingsShortcutRecorder.swift; sourceTree = "<group>"; };
		10D244382C87463E00D99C0C /* SettingsSlider.swift */ = {isa = PBXFileReference; lastKnownFileType = sourcecode.swift; path = SettingsSlider.swift; sourceTree = "<group>"; };
		10D2443A2C87515000D99C0C /* CustomVolumeIntent.swift */ = {isa = PBXFileReference; lastKnownFileType = sourcecode.swift; path = CustomVolumeIntent.swift; sourceTree = "<group>"; };
		10E3564B2C789A3000F15BA5 /* eg-oreo.ogg */ = {isa = PBXFileReference; lastKnownFileType = file; path = "eg-oreo.ogg"; sourceTree = "<group>"; };
		10E3564D2C789A5F00F15BA5 /* eg-oreo.json */ = {isa = PBXFileReference; fileEncoding = 4; lastKnownFileType = text.json; path = "eg-oreo.json"; sourceTree = "<group>"; };
		10E356532C789E0800F15BA5 /* Defaults.swift */ = {isa = PBXFileReference; lastKnownFileType = sourcecode.swift; path = Defaults.swift; sourceTree = "<group>"; };
		10FA0F1F2C7627D90056919B /* click.app */ = {isa = PBXFileReference; explicitFileType = wrapper.application; includeInIndex = 0; path = click.app; sourceTree = BUILT_PRODUCTS_DIR; };
		10FA0F222C7627D90056919B /* ClickApp.swift */ = {isa = PBXFileReference; lastKnownFileType = sourcecode.swift; path = ClickApp.swift; sourceTree = "<group>"; };
		10FA0F242C7627D90056919B /* ContentView.swift */ = {isa = PBXFileReference; lastKnownFileType = sourcecode.swift; path = ContentView.swift; sourceTree = "<group>"; };
		10FA0F262C7627DA0056919B /* Assets.xcassets */ = {isa = PBXFileReference; lastKnownFileType = folder.assetcatalog; path = Assets.xcassets; sourceTree = "<group>"; };
		10FA0F292C7627DA0056919B /* Preview Assets.xcassets */ = {isa = PBXFileReference; lastKnownFileType = folder.assetcatalog; path = "Preview Assets.xcassets"; sourceTree = "<group>"; };
		10FA0F2B2C7627DA0056919B /* click.entitlements */ = {isa = PBXFileReference; lastKnownFileType = text.plist.entitlements; path = click.entitlements; sourceTree = "<group>"; };
		10FA0F312C762CD50056919B /* PermissionsView.swift */ = {isa = PBXFileReference; lastKnownFileType = sourcecode.swift; path = PermissionsView.swift; sourceTree = "<group>"; };
		10FA0F352C76414F0056919B /* AppState.swift */ = {isa = PBXFileReference; lastKnownFileType = sourcecode.swift; path = AppState.swift; sourceTree = "<group>"; };
		10FA0F382C7696DF0056919B /* Soundpack.swift */ = {isa = PBXFileReference; lastKnownFileType = sourcecode.swift; path = Soundpack.swift; sourceTree = "<group>"; };
		10FB435D2C76A3D3000685E8 /* eg-crysyal-purple.json */ = {isa = PBXFileReference; fileEncoding = 4; lastKnownFileType = text.json; path = "eg-crysyal-purple.json"; sourceTree = "<group>"; };
		10FB436F2C77309A000685E8 /* eg-crysyal-purple.ogg */ = {isa = PBXFileReference; lastKnownFileType = file; path = "eg-crysyal-purple.ogg"; sourceTree = "<group>"; };
/* End PBXFileReference section */

/* Begin PBXFrameworksBuildPhase section */
		10FA0F1C2C7627D90056919B /* Frameworks */ = {
			isa = PBXFrameworksBuildPhase;
			buildActionMask = 2147483647;
			files = (
				10A636E02C7C6B4000C2EA12 /* SettingsAccess in Frameworks */,
				10BAAC052C8C5F660024E3E0 /* KeyboardShortcuts in Frameworks */,
				10E356512C789DC000F15BA5 /* Defaults in Frameworks */,
				10E356492C77D29100F15BA5 /* OggDecoder in Frameworks */,
			);
			runOnlyForDeploymentPostprocessing = 0;
		};
/* End PBXFrameworksBuildPhase section */

/* Begin PBXGroup section */
		100D02F02C7A8782006A5C1B /* Managers */ = {
			isa = PBXGroup;
			children = (
				100D02F12C7A8791006A5C1B /* PermissionsManager.swift */,
				100D02F32C7A8B30006A5C1B /* AudioManager.swift */,
				100D02F52C7A8BCA006A5C1B /* EventManager.swift */,
				100E085E2C95A65F00F0DEA6 /* NotificationsManager.swift */,
			);
			path = Managers;
			sourceTree = "<group>";
		};
		10174E822C7BA50F00A6AEE6 /* Views */ = {
			isa = PBXGroup;
			children = (
				10FA0F312C762CD50056919B /* PermissionsView.swift */,
				10FA0F242C7627D90056919B /* ContentView.swift */,
				10174E7E2C7B4AB700A6AEE6 /* MenuBarView.swift */,
				10174E802C7BA50B00A6AEE6 /* SettingsView.swift */,
			);
			path = Views;
			sourceTree = "<group>";
		};
		10174E852C7BB18A00A6AEE6 /* Components */ = {
			isa = PBXGroup;
			children = (
				10174E832C7BB00B00A6AEE6 /* SettingsToggle.swift */,
				10D244382C87463E00D99C0C /* SettingsSlider.swift */,
				10BAAC082C8C5FC20024E3E0 /* SettingsShortcutRecorder.swift */,
			);
			path = Components;
			sourceTree = "<group>";
		};
		10A636E12C7C7E4B00C2EA12 /* Models */ = {
			isa = PBXGroup;
			children = (
				10FA0F382C7696DF0056919B /* Soundpack.swift */,
				10A636E22C7C7E5C00C2EA12 /* VolumePreset.swift */,
			);
			path = Models;
			sourceTree = "<group>";
		};
		10A637342C7D1B7600C2EA12 /* Intents */ = {
			isa = PBXGroup;
			children = (
				10A637352C7D1B9D00C2EA12 /* ToogleIntent.swift */,
				10A637392C7D23C600C2EA12 /* SoundpackIntent.swift */,
				10A6373D2C7D279200C2EA12 /* VolumePresetIntent.swift */,
				10A6373F2C7D2AD800C2EA12 /* GetStatusIntent.swift */,
				10D2443A2C87515000D99C0C /* CustomVolumeIntent.swift */,
			);
			path = Intents;
			sourceTree = "<group>";
		};
		10E3564A2C789A2600F15BA5 /* eg-oreo */ = {
			isa = PBXGroup;
			children = (
				10E3564D2C789A5F00F15BA5 /* eg-oreo.json */,
				10E3564B2C789A3000F15BA5 /* eg-oreo.ogg */,
			);
			path = "eg-oreo";
			sourceTree = "<group>";
		};
		10E356522C789DCC00F15BA5 /* Extensions */ = {
			isa = PBXGroup;
			children = (
				10E356532C789E0800F15BA5 /* Defaults.swift */,
				10BAAC062C8C5F920024E3E0 /* KeyboardShortcuts.swift */,
			);
			path = Extensions;
			sourceTree = "<group>";
		};
		10FA0F162C7627D90056919B = {
			isa = PBXGroup;
			children = (
				10FA0F212C7627D90056919B /* click */,
				10FA0F202C7627D90056919B /* Products */,
			);
			sourceTree = "<group>";
		};
		10FA0F202C7627D90056919B /* Products */ = {
			isa = PBXGroup;
			children = (
				10FA0F1F2C7627D90056919B /* click.app */,
			);
			name = Products;
			sourceTree = "<group>";
		};
		10FA0F212C7627D90056919B /* click */ = {
			isa = PBXGroup;
			children = (
				10A637342C7D1B7600C2EA12 /* Intents */,
				10174E852C7BB18A00A6AEE6 /* Components */,
				10E356522C789DCC00F15BA5 /* Extensions */,
				100D02F02C7A8782006A5C1B /* Managers */,
				10A636E12C7C7E4B00C2EA12 /* Models */,
				10FA0F372C7696D10056919B /* Soundpacks */,
				10174E822C7BA50F00A6AEE6 /* Views */,
				100D02EE2C7A874A006A5C1B /* AppDelegate.swift */,
				10FA0F352C76414F0056919B /* AppState.swift */,
				10FA0F222C7627D90056919B /* ClickApp.swift */,
				10FA0F262C7627DA0056919B /* Assets.xcassets */,
				10FA0F2B2C7627DA0056919B /* click.entitlements */,
				10FA0F282C7627DA0056919B /* Preview Content */,
			);
			path = click;
			sourceTree = "<group>";
		};
		10FA0F282C7627DA0056919B /* Preview Content */ = {
			isa = PBXGroup;
			children = (
				10FA0F292C7627DA0056919B /* Preview Assets.xcassets */,
			);
			path = "Preview Content";
			sourceTree = "<group>";
		};
		10FA0F372C7696D10056919B /* Soundpacks */ = {
			isa = PBXGroup;
			children = (
				10E3564A2C789A2600F15BA5 /* eg-oreo */,
				10FB435F2C76A3D3000685E8 /* eg-crystal-purple */,
			);
			path = Soundpacks;
			sourceTree = "<group>";
		};
		10FB435F2C76A3D3000685E8 /* eg-crystal-purple */ = {
			isa = PBXGroup;
			children = (
				10FB435D2C76A3D3000685E8 /* eg-crysyal-purple.json */,
				10FB436F2C77309A000685E8 /* eg-crysyal-purple.ogg */,
			);
			path = "eg-crystal-purple";
			sourceTree = "<group>";
		};
/* End PBXGroup section */

/* Begin PBXNativeTarget section */
		10FA0F1E2C7627D90056919B /* click */ = {
			isa = PBXNativeTarget;
			buildConfigurationList = 10FA0F2E2C7627DA0056919B /* Build configuration list for PBXNativeTarget "click" */;
			buildPhases = (
				10FA0F1B2C7627D90056919B /* Sources */,
				10FA0F1C2C7627D90056919B /* Frameworks */,
				10FA0F1D2C7627D90056919B /* Resources */,
			);
			buildRules = (
			);
			dependencies = (
			);
			name = click;
			packageProductDependencies = (
				10E356482C77D29100F15BA5 /* OggDecoder */,
				10E356502C789DC000F15BA5 /* Defaults */,
				10A636DF2C7C6B4000C2EA12 /* SettingsAccess */,
				10BAAC042C8C5F660024E3E0 /* KeyboardShortcuts */,
			);
			productName = click;
			productReference = 10FA0F1F2C7627D90056919B /* click.app */;
			productType = "com.apple.product-type.application";
		};
/* End PBXNativeTarget section */

/* Begin PBXProject section */
		10FA0F172C7627D90056919B /* Project object */ = {
			isa = PBXProject;
			attributes = {
				BuildIndependentTargetsInParallel = 1;
				LastSwiftUpdateCheck = 1540;
				LastUpgradeCheck = 1540;
				TargetAttributes = {
					10FA0F1E2C7627D90056919B = {
						CreatedOnToolsVersion = 15.4;
					};
				};
			};
			buildConfigurationList = 10FA0F1A2C7627D90056919B /* Build configuration list for PBXProject "click" */;
			compatibilityVersion = "Xcode 14.0";
			developmentRegion = en;
			hasScannedForEncodings = 0;
			knownRegions = (
				en,
				Base,
			);
			mainGroup = 10FA0F162C7627D90056919B;
			packageReferences = (
				10FB436C2C773086000685E8 /* XCRemoteSwiftPackageReference "OggDecoder" */,
				10E3564F2C789DC000F15BA5 /* XCRemoteSwiftPackageReference "Defaults" */,
				10A636DE2C7C6B4000C2EA12 /* XCRemoteSwiftPackageReference "SettingsAccess" */,
				10BAAC032C8C5F660024E3E0 /* XCRemoteSwiftPackageReference "KeyboardShortcuts" */,
			);
			productRefGroup = 10FA0F202C7627D90056919B /* Products */;
			projectDirPath = "";
			projectRoot = "";
			targets = (
				10FA0F1E2C7627D90056919B /* click */,
			);
		};
/* End PBXProject section */

/* Begin PBXResourcesBuildPhase section */
		10FA0F1D2C7627D90056919B /* Resources */ = {
			isa = PBXResourcesBuildPhase;
			buildActionMask = 2147483647;
			files = (
				10E3564C2C789A3000F15BA5 /* eg-oreo.ogg in Resources */,
				10FB43702C77309A000685E8 /* eg-crysyal-purple.ogg in Resources */,
				10FA0F2A2C7627DA0056919B /* Preview Assets.xcassets in Resources */,
				10FA0F272C7627DA0056919B /* Assets.xcassets in Resources */,
				10E3564E2C789A5F00F15BA5 /* eg-oreo.json in Resources */,
				10FB43602C76A3D3000685E8 /* eg-crysyal-purple.json in Resources */,
			);
			runOnlyForDeploymentPostprocessing = 0;
		};
/* End PBXResourcesBuildPhase section */

/* Begin PBXSourcesBuildPhase section */
		10FA0F1B2C7627D90056919B /* Sources */ = {
			isa = PBXSourcesBuildPhase;
			buildActionMask = 2147483647;
			files = (
				100D02F62C7A8BCA006A5C1B /* EventManager.swift in Sources */,
				10BAAC072C8C5F920024E3E0 /* KeyboardShortcuts.swift in Sources */,
				10FA0F252C7627D90056919B /* ContentView.swift in Sources */,
				10FA0F322C762CD50056919B /* PermissionsView.swift in Sources */,
				100E085F2C95A65F00F0DEA6 /* NotificationsManager.swift in Sources */,
				10BAAC092C8C5FC20024E3E0 /* SettingsShortcutRecorder.swift in Sources */,
				10D244392C87463E00D99C0C /* SettingsSlider.swift in Sources */,
				100D02F22C7A8791006A5C1B /* PermissionsManager.swift in Sources */,
				10A637402C7D2AD800C2EA12 /* GetStatusIntent.swift in Sources */,
				10A637362C7D1B9D00C2EA12 /* ToogleIntent.swift in Sources */,
				10FA0F232C7627D90056919B /* ClickApp.swift in Sources */,
				10A636E32C7C7E5C00C2EA12 /* VolumePreset.swift in Sources */,
				10E356542C789E0800F15BA5 /* Defaults.swift in Sources */,
				100D02EF2C7A874A006A5C1B /* AppDelegate.swift in Sources */,
				10FA0F392C7696DF0056919B /* Soundpack.swift in Sources */,
				10FA0F362C76414F0056919B /* AppState.swift in Sources */,
				10174E812C7BA50B00A6AEE6 /* SettingsView.swift in Sources */,
				10A6373E2C7D279200C2EA12 /* VolumePresetIntent.swift in Sources */,
				10174E842C7BB00B00A6AEE6 /* SettingsToggle.swift in Sources */,
				10D2443B2C87515000D99C0C /* CustomVolumeIntent.swift in Sources */,
				100D02F42C7A8B30006A5C1B /* AudioManager.swift in Sources */,
				10A6373A2C7D23C600C2EA12 /* SoundpackIntent.swift in Sources */,
				10174E7F2C7B4AB700A6AEE6 /* MenuBarView.swift in Sources */,
			);
			runOnlyForDeploymentPostprocessing = 0;
		};
/* End PBXSourcesBuildPhase section */

/* Begin XCBuildConfiguration section */
		10FA0F2C2C7627DA0056919B /* Debug */ = {
			isa = XCBuildConfiguration;
			buildSettings = {
				ALWAYS_SEARCH_USER_PATHS = NO;
				ASSETCATALOG_COMPILER_GENERATE_SWIFT_ASSET_SYMBOL_EXTENSIONS = YES;
				CLANG_ANALYZER_NONNULL = YES;
				CLANG_ANALYZER_NUMBER_OBJECT_CONVERSION = YES_AGGRESSIVE;
				CLANG_CXX_LANGUAGE_STANDARD = "gnu++20";
				CLANG_ENABLE_MODULES = YES;
				CLANG_ENABLE_OBJC_ARC = YES;
				CLANG_ENABLE_OBJC_WEAK = YES;
				CLANG_WARN_BLOCK_CAPTURE_AUTORELEASING = YES;
				CLANG_WARN_BOOL_CONVERSION = YES;
				CLANG_WARN_COMMA = YES;
				CLANG_WARN_CONSTANT_CONVERSION = YES;
				CLANG_WARN_DEPRECATED_OBJC_IMPLEMENTATIONS = YES;
				CLANG_WARN_DIRECT_OBJC_ISA_USAGE = YES_ERROR;
				CLANG_WARN_DOCUMENTATION_COMMENTS = YES;
				CLANG_WARN_EMPTY_BODY = YES;
				CLANG_WARN_ENUM_CONVERSION = YES;
				CLANG_WARN_INFINITE_RECURSION = YES;
				CLANG_WARN_INT_CONVERSION = YES;
				CLANG_WARN_NON_LITERAL_NULL_CONVERSION = YES;
				CLANG_WARN_OBJC_IMPLICIT_RETAIN_SELF = YES;
				CLANG_WARN_OBJC_LITERAL_CONVERSION = YES;
				CLANG_WARN_OBJC_ROOT_CLASS = YES_ERROR;
				CLANG_WARN_QUOTED_INCLUDE_IN_FRAMEWORK_HEADER = YES;
				CLANG_WARN_RANGE_LOOP_ANALYSIS = YES;
				CLANG_WARN_STRICT_PROTOTYPES = YES;
				CLANG_WARN_SUSPICIOUS_MOVE = YES;
				CLANG_WARN_UNGUARDED_AVAILABILITY = YES_AGGRESSIVE;
				CLANG_WARN_UNREACHABLE_CODE = YES;
				CLANG_WARN__DUPLICATE_METHOD_MATCH = YES;
				COPY_PHASE_STRIP = NO;
				DEBUG_INFORMATION_FORMAT = dwarf;
				ENABLE_STRICT_OBJC_MSGSEND = YES;
				ENABLE_TESTABILITY = YES;
				ENABLE_USER_SCRIPT_SANDBOXING = YES;
				GCC_C_LANGUAGE_STANDARD = gnu17;
				GCC_DYNAMIC_NO_PIC = NO;
				GCC_NO_COMMON_BLOCKS = YES;
				GCC_OPTIMIZATION_LEVEL = 0;
				GCC_PREPROCESSOR_DEFINITIONS = (
					"DEBUG=1",
					"$(inherited)",
				);
				GCC_WARN_64_TO_32_BIT_CONVERSION = YES;
				GCC_WARN_ABOUT_RETURN_TYPE = YES_ERROR;
				GCC_WARN_UNDECLARED_SELECTOR = YES;
				GCC_WARN_UNINITIALIZED_AUTOS = YES_AGGRESSIVE;
				GCC_WARN_UNUSED_FUNCTION = YES;
				GCC_WARN_UNUSED_VARIABLE = YES;
				LOCALIZATION_PREFERS_STRING_CATALOGS = YES;
				MACOSX_DEPLOYMENT_TARGET = 14.5;
				MTL_ENABLE_DEBUG_INFO = INCLUDE_SOURCE;
				MTL_FAST_MATH = YES;
				ONLY_ACTIVE_ARCH = YES;
				SDKROOT = macosx;
				SWIFT_ACTIVE_COMPILATION_CONDITIONS = "DEBUG $(inherited)";
				SWIFT_OPTIMIZATION_LEVEL = "-Onone";
			};
			name = Debug;
		};
		10FA0F2D2C7627DA0056919B /* Release */ = {
			isa = XCBuildConfiguration;
			buildSettings = {
				ALWAYS_SEARCH_USER_PATHS = NO;
				ASSETCATALOG_COMPILER_GENERATE_SWIFT_ASSET_SYMBOL_EXTENSIONS = YES;
				CLANG_ANALYZER_NONNULL = YES;
				CLANG_ANALYZER_NUMBER_OBJECT_CONVERSION = YES_AGGRESSIVE;
				CLANG_CXX_LANGUAGE_STANDARD = "gnu++20";
				CLANG_ENABLE_MODULES = YES;
				CLANG_ENABLE_OBJC_ARC = YES;
				CLANG_ENABLE_OBJC_WEAK = YES;
				CLANG_WARN_BLOCK_CAPTURE_AUTORELEASING = YES;
				CLANG_WARN_BOOL_CONVERSION = YES;
				CLANG_WARN_COMMA = YES;
				CLANG_WARN_CONSTANT_CONVERSION = YES;
				CLANG_WARN_DEPRECATED_OBJC_IMPLEMENTATIONS = YES;
				CLANG_WARN_DIRECT_OBJC_ISA_USAGE = YES_ERROR;
				CLANG_WARN_DOCUMENTATION_COMMENTS = YES;
				CLANG_WARN_EMPTY_BODY = YES;
				CLANG_WARN_ENUM_CONVERSION = YES;
				CLANG_WARN_INFINITE_RECURSION = YES;
				CLANG_WARN_INT_CONVERSION = YES;
				CLANG_WARN_NON_LITERAL_NULL_CONVERSION = YES;
				CLANG_WARN_OBJC_IMPLICIT_RETAIN_SELF = YES;
				CLANG_WARN_OBJC_LITERAL_CONVERSION = YES;
				CLANG_WARN_OBJC_ROOT_CLASS = YES_ERROR;
				CLANG_WARN_QUOTED_INCLUDE_IN_FRAMEWORK_HEADER = YES;
				CLANG_WARN_RANGE_LOOP_ANALYSIS = YES;
				CLANG_WARN_STRICT_PROTOTYPES = YES;
				CLANG_WARN_SUSPICIOUS_MOVE = YES;
				CLANG_WARN_UNGUARDED_AVAILABILITY = YES_AGGRESSIVE;
				CLANG_WARN_UNREACHABLE_CODE = YES;
				CLANG_WARN__DUPLICATE_METHOD_MATCH = YES;
				COPY_PHASE_STRIP = NO;
				DEBUG_INFORMATION_FORMAT = "dwarf-with-dsym";
				ENABLE_NS_ASSERTIONS = NO;
				ENABLE_STRICT_OBJC_MSGSEND = YES;
				ENABLE_USER_SCRIPT_SANDBOXING = YES;
				GCC_C_LANGUAGE_STANDARD = gnu17;
				GCC_NO_COMMON_BLOCKS = YES;
				GCC_WARN_64_TO_32_BIT_CONVERSION = YES;
				GCC_WARN_ABOUT_RETURN_TYPE = YES_ERROR;
				GCC_WARN_UNDECLARED_SELECTOR = YES;
				GCC_WARN_UNINITIALIZED_AUTOS = YES_AGGRESSIVE;
				GCC_WARN_UNUSED_FUNCTION = YES;
				GCC_WARN_UNUSED_VARIABLE = YES;
				LOCALIZATION_PREFERS_STRING_CATALOGS = YES;
				MACOSX_DEPLOYMENT_TARGET = 14.5;
				MTL_ENABLE_DEBUG_INFO = NO;
				MTL_FAST_MATH = YES;
				SDKROOT = macosx;
				SWIFT_COMPILATION_MODE = wholemodule;
			};
			name = Release;
		};
		10FA0F2F2C7627DA0056919B /* Debug */ = {
			isa = XCBuildConfiguration;
			buildSettings = {
				ASSETCATALOG_COMPILER_APPICON_NAME = AppIcon;
				ASSETCATALOG_COMPILER_GLOBAL_ACCENT_COLOR_NAME = AccentColor;
				CODE_SIGN_ENTITLEMENTS = click/click.entitlements;
				CODE_SIGN_STYLE = Automatic;
				COMBINE_HIDPI_IMAGES = YES;
				CURRENT_PROJECT_VERSION = 1;
				DEVELOPMENT_ASSET_PATHS = "\"click/Preview Content\"";
				DEVELOPMENT_TEAM = 6ZXSR6DFYX;
				ENABLE_HARDENED_RUNTIME = YES;
				ENABLE_PREVIEWS = YES;
				GENERATE_INFOPLIST_FILE = YES;
				INFOPLIST_KEY_NSHumanReadableCopyright = "";
				LD_RUNPATH_SEARCH_PATHS = (
					"$(inherited)",
					"@executable_path/../Frameworks",
				);
				MARKETING_VERSION = 1.0;
				PRODUCT_BUNDLE_IDENTIFIER = com.pruizlezcano.click;
				PRODUCT_NAME = "$(TARGET_NAME)";
				SWIFT_EMIT_LOC_STRINGS = YES;
				SWIFT_VERSION = 5.0;
			};
			name = Debug;
		};
		10FA0F302C7627DA0056919B /* Release */ = {
			isa = XCBuildConfiguration;
			buildSettings = {
				ASSETCATALOG_COMPILER_APPICON_NAME = AppIcon;
				ASSETCATALOG_COMPILER_GLOBAL_ACCENT_COLOR_NAME = AccentColor;
				CODE_SIGN_ENTITLEMENTS = click/click.entitlements;
				CODE_SIGN_STYLE = Automatic;
				COMBINE_HIDPI_IMAGES = YES;
				CURRENT_PROJECT_VERSION = 1;
				DEVELOPMENT_ASSET_PATHS = "\"click/Preview Content\"";
				DEVELOPMENT_TEAM = 6ZXSR6DFYX;
				ENABLE_HARDENED_RUNTIME = YES;
				ENABLE_PREVIEWS = YES;
				GENERATE_INFOPLIST_FILE = YES;
				INFOPLIST_KEY_NSHumanReadableCopyright = "";
				LD_RUNPATH_SEARCH_PATHS = (
					"$(inherited)",
					"@executable_path/../Frameworks",
				);
				MARKETING_VERSION = 1.0;
				PRODUCT_BUNDLE_IDENTIFIER = com.pruizlezcano.click;
				PRODUCT_NAME = "$(TARGET_NAME)";
				SWIFT_EMIT_LOC_STRINGS = YES;
				SWIFT_VERSION = 5.0;
			};
			name = Release;
		};
/* End XCBuildConfiguration section */

/* Begin XCConfigurationList section */
		10FA0F1A2C7627D90056919B /* Build configuration list for PBXProject "click" */ = {
			isa = XCConfigurationList;
			buildConfigurations = (
				10FA0F2C2C7627DA0056919B /* Debug */,
				10FA0F2D2C7627DA0056919B /* Release */,
			);
			defaultConfigurationIsVisible = 0;
			defaultConfigurationName = Release;
		};
		10FA0F2E2C7627DA0056919B /* Build configuration list for PBXNativeTarget "click" */ = {
			isa = XCConfigurationList;
			buildConfigurations = (
				10FA0F2F2C7627DA0056919B /* Debug */,
				10FA0F302C7627DA0056919B /* Release */,
			);
			defaultConfigurationIsVisible = 0;
			defaultConfigurationName = Release;
		};
/* End XCConfigurationList section */

/* Begin XCRemoteSwiftPackageReference section */
		10A636DE2C7C6B4000C2EA12 /* XCRemoteSwiftPackageReference "SettingsAccess" */ = {
			isa = XCRemoteSwiftPackageReference;
			repositoryURL = "https://github.com/orchetect/SettingsAccess";
			requirement = {
				kind = upToNextMajorVersion;
				minimumVersion = 2.0.0;
			};
		};
		10BAAC032C8C5F660024E3E0 /* XCRemoteSwiftPackageReference "KeyboardShortcuts" */ = {
			isa = XCRemoteSwiftPackageReference;
			repositoryURL = "https://github.com/sindresorhus/KeyboardShortcuts";
			requirement = {
				kind = upToNextMajorVersion;
				minimumVersion = 2.0.2;
			};
		};
		10E3564F2C789DC000F15BA5 /* XCRemoteSwiftPackageReference "Defaults" */ = {
			isa = XCRemoteSwiftPackageReference;
			repositoryURL = "https://github.com/sindresorhus/Defaults";
			requirement = {
				branch = main;
				kind = branch;
			};
		};
		10FB436C2C773086000685E8 /* XCRemoteSwiftPackageReference "OggDecoder" */ = {
			isa = XCRemoteSwiftPackageReference;
			repositoryURL = "https://github.com/arkasas/OggDecoder";
			requirement = {
				branch = main;
				kind = branch;
			};
		};
/* End XCRemoteSwiftPackageReference section */

/* Begin XCSwiftPackageProductDependency section */
		10A636DF2C7C6B4000C2EA12 /* SettingsAccess */ = {
			isa = XCSwiftPackageProductDependency;
			package = 10A636DE2C7C6B4000C2EA12 /* XCRemoteSwiftPackageReference "SettingsAccess" */;
			productName = SettingsAccess;
		};
		10BAAC042C8C5F660024E3E0 /* KeyboardShortcuts */ = {
			isa = XCSwiftPackageProductDependency;
			package = 10BAAC032C8C5F660024E3E0 /* XCRemoteSwiftPackageReference "KeyboardShortcuts" */;
			productName = KeyboardShortcuts;
		};
		10E356482C77D29100F15BA5 /* OggDecoder */ = {
			isa = XCSwiftPackageProductDependency;
			package = 10FB436C2C773086000685E8 /* XCRemoteSwiftPackageReference "OggDecoder" */;
			productName = OggDecoder;
		};
		10E356502C789DC000F15BA5 /* Defaults */ = {
			isa = XCSwiftPackageProductDependency;
			package = 10E3564F2C789DC000F15BA5 /* XCRemoteSwiftPackageReference "Defaults" */;
			productName = Defaults;
		};
/* End XCSwiftPackageProductDependency section */
	};
	rootObject = 10FA0F172C7627D90056919B /* Project object */;
}
