{
  "originHash" : "e1d47d5a5ac8e8a8830ca416f160438b1ee6d6d08f9f7de07d10a8b425d99a63",
  "pins" : [
    {
      "identity" : "defaults",
      "kind" : "remoteSourceControl",
      "location" : "https://github.com/sindresorhus/Defaults",
      "state" : {
        "branch" : "main",
        "revision" : "4c009d5c2496e7aa126e922c94dd3d6ae049efa2"
      }
    },
    {
      "identity" : "oggdecoder",
      "kind" : "remoteSourceControl",
      "location" : "https://github.com/arkasas/OggDecoder",
      "state" : {
        "branch" : "main",
        "revision" : "65e1465e593d2b0be6ac12256f2866a18d26e211"
      }
    }
  ],
  "version" : 3
}
